
Microsoft Visual Studio Solution File, Format Version 12.00
# Visual Studio 15
VisualStudioVersion = 15.0.28307.1778
MinimumVisualStudioVersion = 10.0.40219.1
Project("{F184B08F-C81C-45F6-A57F-5ABD9991F28F}") = "Ejercicio_clase", "Persona\Ejercicio_clase.vbproj", "{38D8C144-AB1E-4C1D-B45D-FC901F872A27}"
EndProject
Global
	GlobalSection(SolutionConfigurationPlatforms) = preSolution
		Debug|Any CPU = Debug|Any CPU
		Release|Any CPU = Release|Any CPU
	EndGlobalSection
	GlobalSection(ProjectConfigurationPlatforms) = postSolution
		{38D8C144-AB1E-4C1D-B45D-FC901F872A27}.Debug|Any CPU.ActiveCfg = Debug|Any CPU
		{38D8C144-AB1E-4C1D-B45D-FC901F872A27}.Debug|Any CPU.Build.0 = Debug|Any CPU
		{38D8C144-AB1E-4C1D-B45D-FC901F872A27}.Release|Any CPU.ActiveCfg = Release|Any CPU
		{38D8C144-AB1E-4C1D-B45D-FC901F872A27}.Release|Any CPU.Build.0 = Release|Any CPU
	EndGlobalSection
	GlobalSection(SolutionProperties) = preSolution
		HideSolutionNode = FALSE
	EndGlobalSection
	GlobalSection(ExtensibilityGlobals) = postSolution
		SolutionGuid = {5586AB61-EF93-48CE-AD51-948002E28211}
	EndGlobalSection
EndGlobal
